
Microsoft Visual Studio Solution File, Format Version 12.00
# Visual Studio Version 17
VisualStudioVersion = 17.6.33815.320
MinimumVisualStudioVersion = 10.0.40219.1
Project("{FAE04EC0-301F-11D3-BF4B-00C04F79EFBC}") = "AFS", "AFS.csproj", "{37FFA9AE-1665-46D6-92E9-45B92815EBD9}"
EndProject
Global
	GlobalSection(SolutionConfigurationPlatforms) = preSolution
		Debug|Any CPU = Debug|Any CPU
		Release|Any CPU = Release|Any CPU
	EndGlobalSection
	GlobalSection(ProjectConfigurationPlatforms) = postSolution
		{37FFA9AE-1665-46D6-92E9-45B92815EBD9}.Debug|Any CPU.ActiveCfg = Debug|Any CPU
		{37FFA9AE-1665-46D6-92E9-45B92815EBD9}.Debug|Any CPU.Build.0 = Debug|Any CPU
		{37FFA9AE-1665-46D6-92E9-45B92815EBD9}.Release|Any CPU.ActiveCfg = Release|Any CPU
		{37FFA9AE-1665-46D6-92E9-45B92815EBD9}.Release|Any CPU.Build.0 = Release|Any CPU
	EndGlobalSection
	GlobalSection(SolutionProperties) = preSolution
		HideSolutionNode = FALSE
	EndGlobalSection
	GlobalSection(ExtensibilityGlobals) = postSolution
		SolutionGuid = {F295E7D7-DD5B-4F5C-8C62-37852A0FD4B2}
	EndGlobalSection
EndGlobal
